{
  "version": "3",
  "packages": {
    "specifiers": {
      "jsr:@std/async": "jsr:@std/async@0.224.2",
      "jsr:@std/cli": "jsr:@std/cli@1.0.5",
      "jsr:@std/fs": "jsr:@std/fs@0.229.3",
      "jsr:@std/io": "jsr:@std/io@0.224.3"
    },
    "jsr": {
      "@std/async@0.224.2": {
        "integrity": "4d277d6e165df43d5e061ba0ef3edfddb8e8d558f5b920e3e6b1d2614b44d074"
      },
      "@std/cli@1.0.5": {
        "integrity": "c93cce26ffd26f617c15a12874e1bfeabc90b1eee86017c9639093734c2bf587"
      },
      "@std/fs@0.229.3": {
        "integrity": "783bca21f24da92e04c3893c9e79653227ab016c48e96b3078377ebd5222e6eb"
      },
      "@std/io@0.224.3": {
        "integrity": "b402edeb99c6b3778d9ae3e9927bc9085b170b41e5a09bbb7064ab2ee394ae2f"
      }
    }
  },
  "remote": {}
}
